// !$*UTF8*$!
{
	archiveVersion = 1;
	classes = {
	};
	objectVersion = 56;
	objects = {

/* Begin PBXBuildFile section */
		87D979832ACDA63B002534F2 /* AppDelegate.swift in Sources */ = {isa = PBXBuildFile; fileRef = 87D979822ACDA63B002534F2 /* AppDelegate.swift */; };
		87D979852ACDA63B002534F2 /* SceneDelegate.swift in Sources */ = {isa = PBXBuildFile; fileRef = 87D979842ACDA63B002534F2 /* SceneDelegate.swift */; };
		87D979872ACDA63B002534F2 /* ListNotesViewController.swift in Sources */ = {isa = PBXBuildFile; fileRef = 87D979862ACDA63B002534F2 /* ListNotesViewController.swift */; };
		87D9798A2ACDA63B002534F2 /* Main.storyboard in Resources */ = {isa = PBXBuildFile; fileRef = 87D979882ACDA63B002534F2 /* Main.storyboard */; };
		87D9798C2ACDA63D002534F2 /* Assets.xcassets in Resources */ = {isa = PBXBuildFile; fileRef = 87D9798B2ACDA63D002534F2 /* Assets.xcassets */; };
		87D9798F2ACDA63D002534F2 /* LaunchScreen.storyboard in Resources */ = {isa = PBXBuildFile; fileRef = 87D9798D2ACDA63D002534F2 /* LaunchScreen.storyboard */; };
		87D979972ACDA6EC002534F2 /* EditNoteViewController.swift in Sources */ = {isa = PBXBuildFile; fileRef = 87D979962ACDA6EC002534F2 /* EditNoteViewController.swift */; };
		87D979992ACDA9CD002534F2 /* ListNoteTableViewCell.swift in Sources */ = {isa = PBXBuildFile; fileRef = 87D979982ACDA9CD002534F2 /* ListNoteTableViewCell.swift */; };
		87D979A22ACDACA2002534F2 /* Date+Extension.swift in Sources */ = {isa = PBXBuildFile; fileRef = 87D979A12ACDACA2002534F2 /* Date+Extension.swift */; };
		87D979A52ACEB1EE002534F2 /* AllMyNotes.xcdatamodeld in Sources */ = {isa = PBXBuildFile; fileRef = 87D979A32ACEB1EE002534F2 /* AllMyNotes.xcdatamodeld */; };
		87D979A82ACEB37D002534F2 /* Notes+CoreDataClass.swift in Sources */ = {isa = PBXBuildFile; fileRef = 87D979A62ACEB37D002534F2 /* Notes+CoreDataClass.swift */; };
		87D979A92ACEB37D002534F2 /* Notes+CoreDataProperties.swift in Sources */ = {isa = PBXBuildFile; fileRef = 87D979A72ACEB37D002534F2 /* Notes+CoreDataProperties.swift */; };
		87D979AB2ACECCF0002534F2 /* CoreDataManager.swift in Sources */ = {isa = PBXBuildFile; fileRef = 87D979AA2ACECCF0002534F2 /* CoreDataManager.swift */; };
/* End PBXBuildFile section */

/* Begin PBXFileReference section */
		87D9797F2ACDA63B002534F2 /* AllMyNotes.app */ = {isa = PBXFileReference; explicitFileType = wrapper.application; includeInIndex = 0; path = AllMyNotes.app; sourceTree = BUILT_PRODUCTS_DIR; };
		87D979822ACDA63B002534F2 /* AppDelegate.swift */ = {isa = PBXFileReference; lastKnownFileType = sourcecode.swift; path = AppDelegate.swift; sourceTree = "<group>"; };
		87D979842ACDA63B002534F2 /* SceneDelegate.swift */ = {isa = PBXFileReference; lastKnownFileType = sourcecode.swift; path = SceneDelegate.swift; sourceTree = "<group>"; };
		87D979862ACDA63B002534F2 /* ListNotesViewController.swift */ = {isa = PBXFileReference; lastKnownFileType = sourcecode.swift; path = ListNotesViewController.swift; sourceTree = "<group>"; };
		87D979892ACDA63B002534F2 /* Base */ = {isa = PBXFileReference; lastKnownFileType = file.storyboard; name = Base; path = Base.lproj/Main.storyboard; sourceTree = "<group>"; };
		87D9798B2ACDA63D002534F2 /* Assets.xcassets */ = {isa = PBXFileReference; lastKnownFileType = folder.assetcatalog; path = Assets.xcassets; sourceTree = "<group>"; };
		87D9798E2ACDA63D002534F2 /* Base */ = {isa = PBXFileReference; lastKnownFileType = file.storyboard; name = Base; path = Base.lproj/LaunchScreen.storyboard; sourceTree = "<group>"; };
		87D979902ACDA63D002534F2 /* Info.plist */ = {isa = PBXFileReference; lastKnownFileType = text.plist.xml; path = Info.plist; sourceTree = "<group>"; };
		87D979962ACDA6EC002534F2 /* EditNoteViewController.swift */ = {isa = PBXFileReference; lastKnownFileType = sourcecode.swift; path = EditNoteViewController.swift; sourceTree = "<group>"; };
		87D979982ACDA9CD002534F2 /* ListNoteTableViewCell.swift */ = {isa = PBXFileReference; lastKnownFileType = sourcecode.swift; path = ListNoteTableViewCell.swift; sourceTree = "<group>"; };
		87D979A12ACDACA2002534F2 /* Date+Extension.swift */ = {isa = PBXFileReference; lastKnownFileType = sourcecode.swift; path = "Date+Extension.swift"; sourceTree = "<group>"; };
		87D979A42ACEB1EE002534F2 /* AllMyNotes.xcdatamodel */ = {isa = PBXFileReference; lastKnownFileType = wrapper.xcdatamodel; path = AllMyNotes.xcdatamodel; sourceTree = "<group>"; };
		87D979A62ACEB37D002534F2 /* Notes+CoreDataClass.swift */ = {isa = PBXFileReference; lastKnownFileType = sourcecode.swift; path = "Notes+CoreDataClass.swift"; sourceTree = "<group>"; };
		87D979A72ACEB37D002534F2 /* Notes+CoreDataProperties.swift */ = {isa = PBXFileReference; lastKnownFileType = sourcecode.swift; path = "Notes+CoreDataProperties.swift"; sourceTree = "<group>"; };
		87D979AA2ACECCF0002534F2 /* CoreDataManager.swift */ = {isa = PBXFileReference; lastKnownFileType = sourcecode.swift; path = CoreDataManager.swift; sourceTree = "<group>"; };
/* End PBXFileReference section */

/* Begin PBXFrameworksBuildPhase section */
		87D9797C2ACDA63B002534F2 /* Frameworks */ = {
			isa = PBXFrameworksBuildPhase;
			buildActionMask = 2147483647;
			files = (
			);
			runOnlyForDeploymentPostprocessing = 0;
		};
/* End PBXFrameworksBuildPhase section */

/* Begin PBXGroup section */
		87D979762ACDA63B002534F2 = {
			isa = PBXGroup;
			children = (
				87D979812ACDA63B002534F2 /* AllMyNotes */,
				87D979802ACDA63B002534F2 /* Products */,
			);
			sourceTree = "<group>";
		};
		87D979802ACDA63B002534F2 /* Products */ = {
			isa = PBXGroup;
			children = (
				87D9797F2ACDA63B002534F2 /* AllMyNotes.app */,
			);
			name = Products;
			sourceTree = "<group>";
		};
		87D979812ACDA63B002534F2 /* AllMyNotes */ = {
			isa = PBXGroup;
			children = (
				87D979822ACDA63B002534F2 /* AppDelegate.swift */,
				87D979842ACDA63B002534F2 /* SceneDelegate.swift */,
				87D9799C2ACDAC0D002534F2 /* Model */,
				87D9799D2ACDAC1A002534F2 /* Extensions */,
				87D9799E2ACDAC22002534F2 /* Views */,
				87D979882ACDA63B002534F2 /* Main.storyboard */,
				87D9798B2ACDA63D002534F2 /* Assets.xcassets */,
				87D9798D2ACDA63D002534F2 /* LaunchScreen.storyboard */,
				87D979902ACDA63D002534F2 /* Info.plist */,
			);
			path = AllMyNotes;
			sourceTree = "<group>";
		};
		87D9799C2ACDAC0D002534F2 /* Model */ = {
			isa = PBXGroup;
			children = (
				87D979A62ACEB37D002534F2 /* Notes+CoreDataClass.swift */,
				87D979A72ACEB37D002534F2 /* Notes+CoreDataProperties.swift */,
				87D979A32ACEB1EE002534F2 /* AllMyNotes.xcdatamodeld */,
			);
			path = Model;
			sourceTree = "<group>";
		};
		87D9799D2ACDAC1A002534F2 /* Extensions */ = {
			isa = PBXGroup;
			children = (
				87D979A12ACDACA2002534F2 /* Date+Extension.swift */,
			);
			path = Extensions;
			sourceTree = "<group>";
		};
		87D9799E2ACDAC22002534F2 /* Views */ = {
			isa = PBXGroup;
			children = (
				87D979A02ACDAC2E002534F2 /* EditNote */,
				87D9799F2ACDAC27002534F2 /* ListNotes */,
			);
			path = Views;
			sourceTree = "<group>";
		};
		87D9799F2ACDAC27002534F2 /* ListNotes */ = {
			isa = PBXGroup;
			children = (
				87D979862ACDA63B002534F2 /* ListNotesViewController.swift */,
				87D979982ACDA9CD002534F2 /* ListNoteTableViewCell.swift */,
				87D979AA2ACECCF0002534F2 /* CoreDataManager.swift */,
			);
			path = ListNotes;
			sourceTree = "<group>";
		};
		87D979A02ACDAC2E002534F2 /* EditNote */ = {
			isa = PBXGroup;
			children = (
				87D979962ACDA6EC002534F2 /* EditNoteViewController.swift */,
			);
			path = EditNote;
			sourceTree = "<group>";
		};
/* End PBXGroup section */

/* Begin PBXNativeTarget section */
		87D9797E2ACDA63B002534F2 /* AllMyNotes */ = {
			isa = PBXNativeTarget;
			buildConfigurationList = 87D979932ACDA63D002534F2 /* Build configuration list for PBXNativeTarget "AllMyNotes" */;
			buildPhases = (
				87D9797B2ACDA63B002534F2 /* Sources */,
				87D9797C2ACDA63B002534F2 /* Frameworks */,
				87D9797D2ACDA63B002534F2 /* Resources */,
			);
			buildRules = (
			);
			dependencies = (
			);
			name = AllMyNotes;
			productName = AllMyNotes;
			productReference = 87D9797F2ACDA63B002534F2 /* AllMyNotes.app */;
			productType = "com.apple.product-type.application";
		};
/* End PBXNativeTarget section */

/* Begin PBXProject section */
		87D979772ACDA63B002534F2 /* Project object */ = {
			isa = PBXProject;
			attributes = {
				BuildIndependentTargetsInParallel = 1;
				LastSwiftUpdateCheck = 1430;
				LastUpgradeCheck = 1430;
				TargetAttributes = {
					87D9797E2ACDA63B002534F2 = {
						CreatedOnToolsVersion = 14.3.1;
					};
				};
			};
			buildConfigurationList = 87D9797A2ACDA63B002534F2 /* Build configuration list for PBXProject "AllMyNotes" */;
			compatibilityVersion = "Xcode 14.0";
			developmentRegion = en;
			hasScannedForEncodings = 0;
			knownRegions = (
				en,
				Base,
			);
			mainGroup = 87D979762ACDA63B002534F2;
			productRefGroup = 87D979802ACDA63B002534F2 /* Products */;
			projectDirPath = "";
			projectRoot = "";
			targets = (
				87D9797E2ACDA63B002534F2 /* AllMyNotes */,
			);
		};
/* End PBXProject section */

/* Begin PBXResourcesBuildPhase section */
		87D9797D2ACDA63B002534F2 /* Resources */ = {
			isa = PBXResourcesBuildPhase;
			buildActionMask = 2147483647;
			files = (
				87D9798F2ACDA63D002534F2 /* LaunchScreen.storyboard in Resources */,
				87D9798C2ACDA63D002534F2 /* Assets.xcassets in Resources */,
				87D9798A2ACDA63B002534F2 /* Main.storyboard in Resources */,
			);
			runOnlyForDeploymentPostprocessing = 0;
		};
/* End PBXResourcesBuildPhase section */

/* Begin PBXSourcesBuildPhase section */
		87D9797B2ACDA63B002534F2 /* Sources */ = {
			isa = PBXSourcesBuildPhase;
			buildActionMask = 2147483647;
			files = (
				87D979872ACDA63B002534F2 /* ListNotesViewController.swift in Sources */,
				87D979A82ACEB37D002534F2 /* Notes+CoreDataClass.swift in Sources */,
				87D979832ACDA63B002534F2 /* AppDelegate.swift in Sources */,
				87D979A92ACEB37D002534F2 /* Notes+CoreDataProperties.swift in Sources */,
				87D979972ACDA6EC002534F2 /* EditNoteViewController.swift in Sources */,
				87D979992ACDA9CD002534F2 /* ListNoteTableViewCell.swift in Sources */,
				87D979A22ACDACA2002534F2 /* Date+Extension.swift in Sources */,
				87D979852ACDA63B002534F2 /* SceneDelegate.swift in Sources */,
				87D979AB2ACECCF0002534F2 /* CoreDataManager.swift in Sources */,
				87D979A52ACEB1EE002534F2 /* AllMyNotes.xcdatamodeld in Sources */,
			);
			runOnlyForDeploymentPostprocessing = 0;
		};
/* End PBXSourcesBuildPhase section */

/* Begin PBXVariantGroup section */
		87D979882ACDA63B002534F2 /* Main.storyboard */ = {
			isa = PBXVariantGroup;
			children = (
				87D979892ACDA63B002534F2 /* Base */,
			);
			name = Main.storyboard;
			sourceTree = "<group>";
		};
		87D9798D2ACDA63D002534F2 /* LaunchScreen.storyboard */ = {
			isa = PBXVariantGroup;
			children = (
				87D9798E2ACDA63D002534F2 /* Base */,
			);
			name = LaunchScreen.storyboard;
			sourceTree = "<group>";
		};
/* End PBXVariantGroup section */

/* Begin XCBuildConfiguration section */
		87D979912ACDA63D002534F2 /* Debug */ = {
			isa = XCBuildConfiguration;
			buildSettings = {
				ALWAYS_SEARCH_USER_PATHS = NO;
				CLANG_ANALYZER_NONNULL = YES;
				CLANG_ANALYZER_NUMBER_OBJECT_CONVERSION = YES_AGGRESSIVE;
				CLANG_CXX_LANGUAGE_STANDARD = "gnu++20";
				CLANG_ENABLE_MODULES = YES;
				CLANG_ENABLE_OBJC_ARC = YES;
				CLANG_ENABLE_OBJC_WEAK = YES;
				CLANG_WARN_BLOCK_CAPTURE_AUTORELEASING = YES;
				CLANG_WARN_BOOL_CONVERSION = YES;
				CLANG_WARN_COMMA = YES;
				CLANG_WARN_CONSTANT_CONVERSION = YES;
				CLANG_WARN_DEPRECATED_OBJC_IMPLEMENTATIONS = YES;
				CLANG_WARN_DIRECT_OBJC_ISA_USAGE = YES_ERROR;
				CLANG_WARN_DOCUMENTATION_COMMENTS = YES;
				CLANG_WARN_EMPTY_BODY = YES;
				CLANG_WARN_ENUM_CONVERSION = YES;
				CLANG_WARN_INFINITE_RECURSION = YES;
				CLANG_WARN_INT_CONVERSION = YES;
				CLANG_WARN_NON_LITERAL_NULL_CONVERSION = YES;
				CLANG_WARN_OBJC_IMPLICIT_RETAIN_SELF = YES;
				CLANG_WARN_OBJC_LITERAL_CONVERSION = YES;
				CLANG_WARN_OBJC_ROOT_CLASS = YES_ERROR;
				CLANG_WARN_QUOTED_INCLUDE_IN_FRAMEWORK_HEADER = YES;
				CLANG_WARN_RANGE_LOOP_ANALYSIS = YES;
				CLANG_WARN_STRICT_PROTOTYPES = YES;
				CLANG_WARN_SUSPICIOUS_MOVE = YES;
				CLANG_WARN_UNGUARDED_AVAILABILITY = YES_AGGRESSIVE;
				CLANG_WARN_UNREACHABLE_CODE = YES;
				CLANG_WARN__DUPLICATE_METHOD_MATCH = YES;
				COPY_PHASE_STRIP = NO;
				DEBUG_INFORMATION_FORMAT = dwarf;
				ENABLE_STRICT_OBJC_MSGSEND = YES;
				ENABLE_TESTABILITY = YES;
				GCC_C_LANGUAGE_STANDARD = gnu11;
				GCC_DYNAMIC_NO_PIC = NO;
				GCC_NO_COMMON_BLOCKS = YES;
				GCC_OPTIMIZATION_LEVEL = 0;
				GCC_PREPROCESSOR_DEFINITIONS = (
					"DEBUG=1",
					"$(inherited)",
				);
				GCC_WARN_64_TO_32_BIT_CONVERSION = YES;
				GCC_WARN_ABOUT_RETURN_TYPE = YES_ERROR;
				GCC_WARN_UNDECLARED_SELECTOR = YES;
				GCC_WARN_UNINITIALIZED_AUTOS = YES_AGGRESSIVE;
				GCC_WARN_UNUSED_FUNCTION = YES;
				GCC_WARN_UNUSED_VARIABLE = YES;
				IPHONEOS_DEPLOYMENT_TARGET = 16.4;
				MTL_ENABLE_DEBUG_INFO = INCLUDE_SOURCE;
				MTL_FAST_MATH = YES;
				ONLY_ACTIVE_ARCH = YES;
				SDKROOT = iphoneos;
				SWIFT_ACTIVE_COMPILATION_CONDITIONS = DEBUG;
				SWIFT_OPTIMIZATION_LEVEL = "-Onone";
			};
			name = Debug;
		};
		87D979922ACDA63D002534F2 /* Release */ = {
			isa = XCBuildConfiguration;
			buildSettings = {
				ALWAYS_SEARCH_USER_PATHS = NO;
				CLANG_ANALYZER_NONNULL = YES;
				CLANG_ANALYZER_NUMBER_OBJECT_CONVERSION = YES_AGGRESSIVE;
				CLANG_CXX_LANGUAGE_STANDARD = "gnu++20";
				CLANG_ENABLE_MODULES = YES;
				CLANG_ENABLE_OBJC_ARC = YES;
				CLANG_ENABLE_OBJC_WEAK = YES;
				CLANG_WARN_BLOCK_CAPTURE_AUTORELEASING = YES;
				CLANG_WARN_BOOL_CONVERSION = YES;
				CLANG_WARN_COMMA = YES;
				CLANG_WARN_CONSTANT_CONVERSION = YES;
				CLANG_WARN_DEPRECATED_OBJC_IMPLEMENTATIONS = YES;
				CLANG_WARN_DIRECT_OBJC_ISA_USAGE = YES_ERROR;
				CLANG_WARN_DOCUMENTATION_COMMENTS = YES;
				CLANG_WARN_EMPTY_BODY = YES;
				CLANG_WARN_ENUM_CONVERSION = YES;
				CLANG_WARN_INFINITE_RECURSION = YES;
				CLANG_WARN_INT_CONVERSION = YES;
				CLANG_WARN_NON_LITERAL_NULL_CONVERSION = YES;
				CLANG_WARN_OBJC_IMPLICIT_RETAIN_SELF = YES;
				CLANG_WARN_OBJC_LITERAL_CONVERSION = YES;
				CLANG_WARN_OBJC_ROOT_CLASS = YES_ERROR;
				CLANG_WARN_QUOTED_INCLUDE_IN_FRAMEWORK_HEADER = YES;
				CLANG_WARN_RANGE_LOOP_ANALYSIS = YES;
				CLANG_WARN_STRICT_PROTOTYPES = YES;
				CLANG_WARN_SUSPICIOUS_MOVE = YES;
				CLANG_WARN_UNGUARDED_AVAILABILITY = YES_AGGRESSIVE;
				CLANG_WARN_UNREACHABLE_CODE = YES;
				CLANG_WARN__DUPLICATE_METHOD_MATCH = YES;
				COPY_PHASE_STRIP = NO;
				DEBUG_INFORMATION_FORMAT = "dwarf-with-dsym";
				ENABLE_NS_ASSERTIONS = NO;
				ENABLE_STRICT_OBJC_MSGSEND = YES;
				GCC_C_LANGUAGE_STANDARD = gnu11;
				GCC_NO_COMMON_BLOCKS = YES;
				GCC_WARN_64_TO_32_BIT_CONVERSION = YES;
				GCC_WARN_ABOUT_RETURN_TYPE = YES_ERROR;
				GCC_WARN_UNDECLARED_SELECTOR = YES;
				GCC_WARN_UNINITIALIZED_AUTOS = YES_AGGRESSIVE;
				GCC_WARN_UNUSED_FUNCTION = YES;
				GCC_WARN_UNUSED_VARIABLE = YES;
				IPHONEOS_DEPLOYMENT_TARGET = 16.4;
				MTL_ENABLE_DEBUG_INFO = NO;
				MTL_FAST_MATH = YES;
				SDKROOT = iphoneos;
				SWIFT_COMPILATION_MODE = wholemodule;
				SWIFT_OPTIMIZATION_LEVEL = "-O";
				VALIDATE_PRODUCT = YES;
			};
			name = Release;
		};
		87D979942ACDA63D002534F2 /* Debug */ = {
			isa = XCBuildConfiguration;
			buildSettings = {
				ASSETCATALOG_COMPILER_APPICON_NAME = AppIcon;
				ASSETCATALOG_COMPILER_GLOBAL_ACCENT_COLOR_NAME = AccentColor;
				CODE_SIGN_STYLE = Automatic;
				CURRENT_PROJECT_VERSION = 1;
				GENERATE_INFOPLIST_FILE = YES;
				INFOPLIST_FILE = AllMyNotes/Info.plist;
				INFOPLIST_KEY_UIApplicationSupportsIndirectInputEvents = YES;
				INFOPLIST_KEY_UILaunchStoryboardName = LaunchScreen;
				INFOPLIST_KEY_UIMainStoryboardFile = Main;
				INFOPLIST_KEY_UISupportedInterfaceOrientations_iPad = "UIInterfaceOrientationPortrait UIInterfaceOrientationPortraitUpsideDown UIInterfaceOrientationLandscapeLeft UIInterfaceOrientationLandscapeRight";
				INFOPLIST_KEY_UISupportedInterfaceOrientations_iPhone = "UIInterfaceOrientationPortrait UIInterfaceOrientationLandscapeLeft UIInterfaceOrientationLandscapeRight";
				LD_RUNPATH_SEARCH_PATHS = (
					"$(inherited)",
					"@executable_path/Frameworks",
				);
				MARKETING_VERSION = 1.0;
				PRODUCT_BUNDLE_IDENTIFIER = com.AllMyNotes;
				PRODUCT_NAME = "$(TARGET_NAME)";
				SWIFT_EMIT_LOC_STRINGS = YES;
				SWIFT_VERSION = 5.0;
				TARGETED_DEVICE_FAMILY = "1,2";
			};
			name = Debug;
		};
		87D979952ACDA63D002534F2 /* Release */ = {
			isa = XCBuildConfiguration;
			buildSettings = {
				ASSETCATALOG_COMPILER_APPICON_NAME = AppIcon;
				ASSETCATALOG_COMPILER_GLOBAL_ACCENT_COLOR_NAME = AccentColor;
				CODE_SIGN_STYLE = Automatic;
				CURRENT_PROJECT_VERSION = 1;
				GENERATE_INFOPLIST_FILE = YES;
				INFOPLIST_FILE = AllMyNotes/Info.plist;
				INFOPLIST_KEY_UIApplicationSupportsIndirectInputEvents = YES;
				INFOPLIST_KEY_UILaunchStoryboardName = LaunchScreen;
				INFOPLIST_KEY_UIMainStoryboardFile = Main;
				INFOPLIST_KEY_UISupportedInterfaceOrientations_iPad = "UIInterfaceOrientationPortrait UIInterfaceOrientationPortraitUpsideDown UIInterfaceOrientationLandscapeLeft UIInterfaceOrientationLandscapeRight";
				INFOPLIST_KEY_UISupportedInterfaceOrientations_iPhone = "UIInterfaceOrientationPortrait UIInterfaceOrientationLandscapeLeft UIInterfaceOrientationLandscapeRight";
				LD_RUNPATH_SEARCH_PATHS = (
					"$(inherited)",
					"@executable_path/Frameworks",
				);
				MARKETING_VERSION = 1.0;
				PRODUCT_BUNDLE_IDENTIFIER = com.AllMyNotes;
				PRODUCT_NAME = "$(TARGET_NAME)";
				SWIFT_EMIT_LOC_STRINGS = YES;
				SWIFT_VERSION = 5.0;
				TARGETED_DEVICE_FAMILY = "1,2";
			};
			name = Release;
		};
/* End XCBuildConfiguration section */

/* Begin XCConfigurationList section */
		87D9797A2ACDA63B002534F2 /* Build configuration list for PBXProject "AllMyNotes" */ = {
			isa = XCConfigurationList;
			buildConfigurations = (
				87D979912ACDA63D002534F2 /* Debug */,
				87D979922ACDA63D002534F2 /* Release */,
			);
			defaultConfigurationIsVisible = 0;
			defaultConfigurationName = Release;
		};
		87D979932ACDA63D002534F2 /* Build configuration list for PBXNativeTarget "AllMyNotes" */ = {
			isa = XCConfigurationList;
			buildConfigurations = (
				87D979942ACDA63D002534F2 /* Debug */,
				87D979952ACDA63D002534F2 /* Release */,
			);
			defaultConfigurationIsVisible = 0;
			defaultConfigurationName = Release;
		};
/* End XCConfigurationList section */

/* Begin XCVersionGroup section */
		87D979A32ACEB1EE002534F2 /* AllMyNotes.xcdatamodeld */ = {
			isa = XCVersionGroup;
			children = (
				87D979A42ACEB1EE002534F2 /* AllMyNotes.xcdatamodel */,
			);
			currentVersion = 87D979A42ACEB1EE002534F2 /* AllMyNotes.xcdatamodel */;
			path = AllMyNotes.xcdatamodeld;
			sourceTree = "<group>";
			versionGroupType = wrapper.xcdatamodel;
		};
/* End XCVersionGroup section */
	};
	rootObject = 87D979772ACDA63B002534F2 /* Project object */;
}
